# This file is generated by running "yarn install" inside your project.
# Manual changes might be lost - proceed with caution!

__metadata:
  version: 4
  cacheKey: 6

"@babel/code-frame@npm:^7.0.0":
  version: 7.5.5
  resolution: "@babel/code-frame@npm:7.5.5"
  dependencies:
    "@babel/highlight": ^7.0.0
  checksum: d9b84e0418596352f8122bf647f630e45a31e5078b663609a69ae2af7035c44a25d63aa11475fd5944360a86d28e4c4d7c538fd807a8b20fd41c1dec3e38f530
  languageName: node
  linkType: hard

"@babel/highlight@npm:^7.0.0":
  version: 7.5.0
  resolution: "@babel/highlight@npm:7.5.0"
  dependencies:
    chalk: ^2.0.0
    esutils: ^2.0.2
    js-tokens: ^4.0.0
  checksum: 80565131da60f89f152c321bb438c74140f42d7e8792b64ff5e4a643993a8d1dbd35e208ae566d7253866c04c1974195a21ff9e53e9b326b24937b96b0b2b5f7
  languageName: node
  linkType: hard

"@types/color-name@npm:^1.1.1":
  version: 1.1.1
  resolution: "@types/color-name@npm:1.1.1"
  checksum: 8311db94a9c4ecd247763b81e783ee49d87678b4ce6a7ee502e2bd5cea242b7357804a04855db009f713174bc654cc0c01c7303d40d757e5d710f5ac0368500f
  languageName: node
  linkType: hard

"@types/minimatch@npm:^3.0.3":
  version: 3.0.3
  resolution: "@types/minimatch@npm:3.0.3"
  checksum: 672ccdac197e8176eed1a9441d0caf8a29a90eb139b1cefdd4c9e71b1c48f5c749f5d101a2d85da15c6259214ebda95072835021407d60330a731a2672964b82
  languageName: node
  linkType: hard

"@types/node@npm:^14.11.2":
  version: 14.11.2
  resolution: "@types/node@npm:14.11.2"
  checksum: 3badcce3991cd8487b549b2541c9a9809f77ded06a2846dd9c73948d12a442290b31abef2d4b0304cc7e30539614ae82ff3b70d93a4b9a82e19128b3d17a9e0f
  languageName: node
  linkType: hard

"@types/parse-json@npm:^4.0.0":
  version: 4.0.0
  resolution: "@types/parse-json@npm:4.0.0"
  checksum: 4a8f720afac47b474d3f2eece312340e72bc31bc9561cda37b596ce2ed218c0099765d302625bb67d659a8452a1f93d514f4863c11c7ebaf65430428687dc426
  languageName: node
  linkType: hard

"ansi-styles@npm:^3.2.1":
  version: 3.2.1
  resolution: "ansi-styles@npm:3.2.1"
  dependencies:
    color-convert: ^1.9.0
  checksum: 456e1c23d9277512a47718da75e7fbb0a5ee215ef893c2f76d6b3efe8fceabc861121b80b0362146f5f995d21a1633f05a19bbf6283ae66ac11dc3b9c0bed779
  languageName: node
  linkType: hard

"ansi-styles@npm:^4.1.0":
  version: 4.2.1
  resolution: "ansi-styles@npm:4.2.1"
  dependencies:
    "@types/color-name": ^1.1.1
    color-convert: ^2.0.1
  checksum: c8c007d5dab7b4fea064c9ea318114e1f6fc714bb382d061ac09e66bc83c8f3ce12bb6354be01598722c14a5d710af280b7614d269354f80d2535946aefa82f4
  languageName: node
  linkType: hard

"arg@npm:^4.1.0":
  version: 4.1.3
  resolution: "arg@npm:4.1.3"
  checksum: 81b3b40b1529c4fbf75b12f7c3e6fb2dcce9e78072063babc169de9b4f40777788f3d2b04380f659ef676a756e03ccfbfe78adf4477353bda906295fa69dab89
  languageName: node
  linkType: hard

"array-differ@npm:^3.0.0":
  version: 3.0.0
  resolution: "array-differ@npm:3.0.0"
  checksum: 6d87a752b56b9e9b29b617d7092173ac3b418d77621077eb7d7637a143b8df6019d59fe98cb3ba8ceba2677ad9904220dabd816f762c1cd5afaa3eec14db3b92
  languageName: node
  linkType: hard

"array-union@npm:^2.1.0":
  version: 2.1.0
  resolution: "array-union@npm:2.1.0"
  checksum: 93af542eb854bf62a742192d0061c82788a963a9a6594628f367388f2b9f1bfd9215910febbbdd55074841555d8b59bda6a13ecba4a8e136f58b675499eda292
  languageName: node
  linkType: hard

"arrify@npm:^2.0.1":
  version: 2.0.1
  resolution: "arrify@npm:2.0.1"
  checksum: 2a19726815590d829e07998aefa2c352bd9061e58bf4391ffffa227129995841a710bef2d8b4c9408a6b0679d96c96bd23764bdbcc29bb21666c976816093972
  languageName: node
  linkType: hard

"balanced-match@npm:^1.0.0":
  version: 1.0.0
  resolution: "balanced-match@npm:1.0.0"
  checksum: f515a605fe1b59f476f7477c5e1d53ad55b4f42982fca1d57b6701906f4ad1f1ac90fd6587d92cc1af2edb43eecf979214dd847ee410a6de9db4ebf0dd128d62
  languageName: node
  linkType: hard

"binjumper@workspace:.":
  version: 0.0.0-use.local
  resolution: "binjumper@workspace:."
  dependencies:
    "@types/node": ^14.11.2
    husky: ^4.3.0
    prettier: ^2.1.2
    pretty-quick: ^3.0.2
    ts-node: ^9.0.0
    tslib: ^2.0.1
    typescript: ^4.0.3
  languageName: unknown
  linkType: soft

"brace-expansion@npm:^1.1.7":
  version: 1.1.11
  resolution: "brace-expansion@npm:1.1.11"
  dependencies:
    balanced-match: ^1.0.0
    concat-map: 0.0.1
  checksum: 4c878e25e4858baf801945dfd63eb68feab2e502cf1122f25f3915c0e3bf397af3a93ff6bef0798db41c0d81ef28c08e55daac38058710f749a3b96eee6b8f40
  languageName: node
  linkType: hard

"buffer-from@npm:^1.0.0":
  version: 1.1.1
  resolution: "buffer-from@npm:1.1.1"
  checksum: 540ceb79c4f5bfcadaabbc18324fa84c50dc52905084be7c03596a339cf5a88513bee6831ce9b36ddd046fab09257a7c80686e129d0559a0cfd141da196ad956
  languageName: node
  linkType: hard

"callsites@npm:^3.0.0":
  version: 3.1.0
  resolution: "callsites@npm:3.1.0"
  checksum: f726bf10d752901174cae348e69c2e58206404d5eebcea485b3fedbcf7fcffdb397e10919fdf6ee2c8adb4be52a64eea2365d52583611939bfecd109260451c9
  languageName: node
  linkType: hard

"chalk@npm:^2.0.0":
  version: 2.4.2
  resolution: "chalk@npm:2.4.2"
  dependencies:
    ansi-styles: ^3.2.1
    escape-string-regexp: ^1.0.5
    supports-color: ^5.3.0
  checksum: 22c7b7b5bc761c882bb6516454a1a671923f1c53ff972860065aa0b28a195f230163c1d46ee88bcc7a03e5539177d896457d8bc727de7f244c6e87032743038e
  languageName: node
  linkType: hard

"chalk@npm:^3.0.0":
  version: 3.0.0
  resolution: "chalk@npm:3.0.0"
  dependencies:
    ansi-styles: ^4.1.0
    supports-color: ^7.1.0
  checksum: 4018b0c812880da595d0d7b8159939527b72f58d3370e2fdc1a24d9abd460bab851695d7eca014082f110d5702d1221b05493fec430ccce375de907d50cc48c1
  languageName: node
  linkType: hard

"chalk@npm:^4.0.0":
  version: 4.1.0
  resolution: "chalk@npm:4.1.0"
  dependencies:
    ansi-styles: ^4.1.0
    supports-color: ^7.1.0
  checksum: f860285b419f9e925c2db0f45ffa88aa8794c14b80cc5d01ff30930bcfc384996606362706f0829cf557f6d36152a5fb2d227ad63c4bc90e2ec9e9dbed4a3c07
  languageName: node
  linkType: hard

"ci-info@npm:^2.0.0":
  version: 2.0.0
  resolution: "ci-info@npm:2.0.0"
  checksum: 553fe83c085fce5e19e20f85b993f24a463e6f805803837a8868607bb68b1300567868694a5dff1beca6c54926a4c0be1cc9ef0c35f810653d590bf64183f6a0
  languageName: node
  linkType: hard

"color-convert@npm:^1.9.0":
  version: 1.9.3
  resolution: "color-convert@npm:1.9.3"
  dependencies:
    color-name: 1.1.3
  checksum: 5f244daa3d1fe1f216d48878c550465067d15268688308554e613b7640a068f96588096d51f0b98b68f15d6ff6bb8ad24e172582ac8c0ad43fa4d3da60fd1b79
  languageName: node
  linkType: hard

"color-convert@npm:^2.0.1":
  version: 2.0.1
  resolution: "color-convert@npm:2.0.1"
  dependencies:
    color-name: ~1.1.4
  checksum: 3d5d8a011a43012ca11b6d739049ecf2055d95582fd16ec44bf1e685eb0baa5cc652002be8a1dc92b429c8d87418287d0528266a7595cb1ad8a7f4f1d3049df2
  languageName: node
  linkType: hard

"color-name@npm:1.1.3":
  version: 1.1.3
  resolution: "color-name@npm:1.1.3"
  checksum: d8b91bb90aefc05b6ff568cf8889566dcc6269824df6f3c9b8ca842b18d7f4d089c07dc166808d33f22092d4a79167aa56a96a5ff0d21efab548bf44614db43b
  languageName: node
  linkType: hard

"color-name@npm:~1.1.4":
  version: 1.1.4
  resolution: "color-name@npm:1.1.4"
  checksum: 3e1c9a4dee12eada307436f61614dd11fe300469db2b83f80c8b7a7cd8a1015f0f18dd13403f018927b249003777ff60baba4a03c65f12e6bddc0dfd9642021f
  languageName: node
  linkType: hard

"compare-versions@npm:^3.6.0":
  version: 3.6.0
  resolution: "compare-versions@npm:3.6.0"
  checksum: 09525264502bda1f6667ad2429eaf5520b543d997e79e7a94b66a5896df8921cdc3a97140dfff75af6c9ba1859c872de1921c3cf8a6c48ed807bbf9f582cf093
  languageName: node
  linkType: hard

"concat-map@npm:0.0.1":
  version: 0.0.1
  resolution: "concat-map@npm:0.0.1"
  checksum: 554e28d9ee5aa6e061795473ee092cb3d3a2cbdb76c35416e0bb6e03f136d7d07676da387b2ed0ec4106cedbb6534080d9abc48ecc4a92b76406cf2d0c3c0c4b
  languageName: node
  linkType: hard

"cosmiconfig@npm:^7.0.0":
  version: 7.0.0
  resolution: "cosmiconfig@npm:7.0.0"
  dependencies:
    "@types/parse-json": ^4.0.0
    import-fresh: ^3.2.1
    parse-json: ^5.0.0
    path-type: ^4.0.0
    yaml: ^1.10.0
  checksum: 151fcb91773c0ae826fc801eab86f8f818605dbf63c8e5515adf0ff0fec5ede8e614f387f93c088d65527a2ea9021f0cd8c6b6e5c7fef2b77480b5e2c33700dc
  languageName: node
  linkType: hard

"cross-spawn@npm:^7.0.0":
  version: 7.0.1
  resolution: "cross-spawn@npm:7.0.1"
  dependencies:
    path-key: ^3.1.0
    shebang-command: ^2.0.0
    which: ^2.0.1
  checksum: c37c136bda1342fe8dbd40a99d9c434ef510fb9741da4d386d0f2fe3d707166fc92d8d8e815f636e7fea93cc32ecd3636bc1e5adcabdee0b4587b6d52b27f002
  languageName: node
  linkType: hard

"diff@npm:^4.0.1":
  version: 4.0.2
  resolution: "diff@npm:4.0.2"
  checksum: 81b5cd7ddde6f0ba2a532d434cfdca365aedd6cc62bb133e851e66e071d40382a30924a07c1034bd3d5a2e332146f64514b73c06fe2ebc0490a67f0c98da79fb
  languageName: node
  linkType: hard

"end-of-stream@npm:^1.1.0":
  version: 1.4.4
  resolution: "end-of-stream@npm:1.4.4"
  dependencies:
    once: ^1.4.0
  checksum: 7da60e458bdb5e16c006a45e85ef3bc1e3791db5ba275b0913258ccddc8899acb9252c4ddbcce87bd1b46e2a3f97315aafb9f0c0330e8aac44defb504a9d3ccd
  languageName: node
  linkType: hard

"error-ex@npm:^1.3.1":
  version: 1.3.2
  resolution: "error-ex@npm:1.3.2"
  dependencies:
    is-arrayish: ^0.2.1
  checksum: 6c6c9187429ae867d145bc64c682c7c137b1f8373a406dc3b605c0d92f15b85bfcea02b461dc55ae11b10d013377e1eaf3d469d2861b2f94703c743620a9c08c
  languageName: node
  linkType: hard

"escape-string-regexp@npm:^1.0.5":
  version: 1.0.5
  resolution: "escape-string-regexp@npm:1.0.5"
  checksum: f9484b8b4c8827d816e0fd905c25ed4b561376a9c220e1430403ea84619bf680c76a883a48cff8b8e091daf55d6a497e37479f9787b9f15f3c421b6054289744
  languageName: node
  linkType: hard

"esutils@npm:^2.0.2":
  version: 2.0.3
  resolution: "esutils@npm:2.0.3"
  checksum: 590b04533177f8f6f0f352b3ac7da6c1c1e3d8375d8973972fba9c94558ca168685fd38319c3c6f4c37ba256df7494a7f15d8e761df1655af8a8f0027d988f8f
  languageName: node
  linkType: hard

"execa@npm:^4.0.0":
  version: 4.0.3
  resolution: "execa@npm:4.0.3"
  dependencies:
    cross-spawn: ^7.0.0
    get-stream: ^5.0.0
    human-signals: ^1.1.1
    is-stream: ^2.0.0
    merge-stream: ^2.0.0
    npm-run-path: ^4.0.0
    onetime: ^5.1.0
    signal-exit: ^3.0.2
    strip-final-newline: ^2.0.0
  checksum: 65b237d178b468045ee57af6aa4e4124807b28aec9573d9b3b16b02a7e41bd65996236e0c5575d053d3888585ffc795cbed38847c6c9669e9c8481fc44ac05e4
  languageName: node
  linkType: hard

"find-up@npm:^4.0.0, find-up@npm:^4.1.0":
  version: 4.1.0
  resolution: "find-up@npm:4.1.0"
  dependencies:
    locate-path: ^5.0.0
    path-exists: ^4.0.0
  checksum: d612d28e02eaca6cd7128fc9bc9b456e2547a3f9875b2b2ae2dbdc6b8cec52bc2885efcb3ac6c18954e838f4c8e20565d196784b190e1d38565f9dc39aade722
  languageName: node
  linkType: hard

"find-versions@npm:^3.2.0":
  version: 3.2.0
  resolution: "find-versions@npm:3.2.0"
  dependencies:
    semver-regex: ^2.0.0
  checksum: 2ddc16b4265184e2b7ab68bfd9d84835178fef4193abd957ebe328e0de98e8ca3b31e2a19201c1c8308e24786faa295aab46c0bc21fa89440e2a1bc8174987f0
  languageName: node
  linkType: hard

"get-stream@npm:^5.0.0":
  version: 5.1.0
  resolution: "get-stream@npm:5.1.0"
  dependencies:
    pump: ^3.0.0
  checksum: 599dad0b6b9e41602c5a383d218e929209774e66bd3345d5ba6b87e305a16e5d4263936cab974804a30cfeebb1d9e6082f0dba4a463fcce0ba75b922b7c9d861
  languageName: node
  linkType: hard

"has-flag@npm:^3.0.0":
  version: 3.0.0
  resolution: "has-flag@npm:3.0.0"
  checksum: 63aade480d27aeedb3b5b63a2e069d47d0006bf182338d662e7941cdc024e68a28418e0efa8dc5df30db9c4ee2407f39e6ea3f16cfbc6b83848b450826a28aa0
  languageName: node
  linkType: hard

"has-flag@npm:^4.0.0":
  version: 4.0.0
  resolution: "has-flag@npm:4.0.0"
  checksum: 2e5391139d3d287231ccb58659702392f6e3abeac3296fb4721afaff46493f3d9b99a9329ae015dfe973aa206ed5c75f43e86aec0267dce79aa5c2b6e811b3ad
  languageName: node
  linkType: hard

"human-signals@npm:^1.1.1":
  version: 1.1.1
  resolution: "human-signals@npm:1.1.1"
  checksum: cac115f635090055427bbd9d066781b17de3a2d8bbf839d920ae2fa52c3eab4efc63b4c8abc10e9a8b979233fa932c43a83a48864003a8c684ed9fb78135dd45
  languageName: node
  linkType: hard

"husky@npm:^4.3.0":
  version: 4.3.0
  resolution: "husky@npm:4.3.0"
  dependencies:
    chalk: ^4.0.0
    ci-info: ^2.0.0
    compare-versions: ^3.6.0
    cosmiconfig: ^7.0.0
    find-versions: ^3.2.0
    opencollective-postinstall: ^2.0.2
    pkg-dir: ^4.2.0
    please-upgrade-node: ^3.2.0
    slash: ^3.0.0
    which-pm-runs: ^1.0.0
  bin:
    husky-run: bin/run.js
    husky-upgrade: lib/upgrader/bin.js
  checksum: c212d9732de84cbd7c25d907b874f7844503f85e28c0512518cddbac9854c54f1c569e81c5b70387f1e3c27d35c2b43256c811cf06fdad066565c5fc178f33f7
  languageName: node
  linkType: hard

"ignore@npm:^5.1.4":
  version: 5.1.4
  resolution: "ignore@npm:5.1.4"
  checksum: 215721af976442f3836b5baa3c1e212c946aadb15609940f851d058b283c84950659bceb245faee7f5476a50d32999af4cdccb7f1c1e4446a728133584938e6c
  languageName: node
  linkType: hard

"import-fresh@npm:^3.2.1":
  version: 3.2.1
  resolution: "import-fresh@npm:3.2.1"
  dependencies:
    parent-module: ^1.0.0
    resolve-from: ^4.0.0
  checksum: 5ace95063123e8c2e30cfe302421f3ef1598d4fff9763c1b6bbed0ab4e700a16e45078fbfc3f7a8a5c3680e01edf707bca25354dec90a268b9803074e46bc89c
  languageName: node
  linkType: hard

"is-arrayish@npm:^0.2.1":
  version: 0.2.1
  resolution: "is-arrayish@npm:0.2.1"
  checksum: fc2bbe14dbcb27b490e63b7fbf0e3b0aae843e5e1fa96d79450bb9617797615a575c78c454ffc8e027c3ad50d63d83e85a7387784979dcd46686d2eb5f412db0
  languageName: node
  linkType: hard

"is-stream@npm:^2.0.0":
  version: 2.0.0
  resolution: "is-stream@npm:2.0.0"
  checksum: f92ba04a8b8fafbade79bdaada53a044025db2fbd3fc2be978434db9a097a4afa457c2e3222c70c2ffc38854bde3a352593d6315463a54394f08ca9e51e32b50
  languageName: node
  linkType: hard

"isexe@npm:^2.0.0":
  version: 2.0.0
  resolution: "isexe@npm:2.0.0"
  checksum: 7b437980bb77881a146fba85cfbdf01edc2b148673e9c2722a1e49661fea73adf524430a80fdbfb8ce9f60d43224e682c657c45030482bd39e0c488fc29b4afe
  languageName: node
  linkType: hard

"js-tokens@npm:^4.0.0":
  version: 4.0.0
  resolution: "js-tokens@npm:4.0.0"
  checksum: 1fc4e4667ac2d972aba65148b9cbf9c17566b2394d3504238d8492bbd3e68f496c657eab06b26b40b17db5cac0a34d153a12130e2d2d2bb6dc2cdc8a4764eb1b
  languageName: node
  linkType: hard

"json-parse-better-errors@npm:^1.0.1":
  version: 1.0.2
  resolution: "json-parse-better-errors@npm:1.0.2"
  checksum: b4c4f0e43b43892af887db742b26f9aa6302b09cd5f6e655ead49fca9f47f3cdd300dcf98cf5218778262be51d7b29859221206fc98b87a1a61c5af7618dae89
  languageName: node
  linkType: hard

"lines-and-columns@npm:^1.1.6":
  version: 1.1.6
  resolution: "lines-and-columns@npm:1.1.6"
  checksum: 798b80ed7ae3fba34d43fe29591ccb4f16f6fca1da4e1f9922b92264b91d931012433c248daf8e44caa74feb40c0eaa0f27a14f8ee68b6ffb425f3c3f785af27
  languageName: node
  linkType: hard

"locate-path@npm:^5.0.0":
  version: 5.0.0
  resolution: "locate-path@npm:5.0.0"
  dependencies:
    p-locate: ^4.1.0
  checksum: c58f49d45c8672d0a290dea0ce41fcb27205b3f2d61452ba335ef3b42ad36c10c31b1f061b46d96dd4b81e9a00e8a2897bc124d75623b80a9f6d36b1e754a6b5
  languageName: node
  linkType: hard

"make-error@npm:^1.1.1":
  version: 1.3.6
  resolution: "make-error@npm:1.3.6"
  checksum: 2c780bab8409b865e8ee86697c599a2bf2765ec64d21eb67ccda27050e039f983feacad05a0d43aba3c966ea03d305d2612e94fec45474bcbc61181f57c5bb88
  languageName: node
  linkType: hard

"merge-stream@npm:^2.0.0":
  version: 2.0.0
  resolution: "merge-stream@npm:2.0.0"
  checksum: cde834809a0e65485e474de3162af9853ab2a07977fd36d328947b7b3e6207df719ffb115b11085ecc570501e15a2aa8bacd772ac53f77873f53b0626e52a39a
  languageName: node
  linkType: hard

"mimic-fn@npm:^2.1.0":
  version: 2.1.0
  resolution: "mimic-fn@npm:2.1.0"
  checksum: f7d2d7febe3d7dd71da0700b1d455ec6c951a96b463ffcc303c93771b9fe4e45318152ea677c241505b19b39e41d906e5052cfb382d59a44bdb6d3d57f8b467b
  languageName: node
  linkType: hard

"minimatch@npm:^3.0.4":
  version: 3.0.4
  resolution: "minimatch@npm:3.0.4"
  dependencies:
    brace-expansion: ^1.1.7
  checksum: 47eab9263962cacd5733e274ecad2d8e54b0f8e124ba35ae69189e296058f634a4967b87a98954f86fa5c830ff177caf827ce0136d28717ed3232951fb4fae62
  languageName: node
  linkType: hard

"mri@npm:^1.1.5":
  version: 1.1.6
  resolution: "mri@npm:1.1.6"
  checksum: 87a09465063063da6d69d98ac75a6206a597c7533561c74e8aab5e6490ebe2a0e94c583fb6e02429e1f4291286a9549eb6a9699c83f5bad252c2c9b4eada97da
  languageName: node
  linkType: hard

"multimatch@npm:^4.0.0":
  version: 4.0.0
  resolution: "multimatch@npm:4.0.0"
  dependencies:
    "@types/minimatch": ^3.0.3
    array-differ: ^3.0.0
    array-union: ^2.1.0
    arrify: ^2.0.1
    minimatch: ^3.0.4
  checksum: c1ba3c9b68e7840cdb4d5d2998eeb68a88ef14a09ce03bd392738529665147a6ec6970d8bf9e7fbac618bb58c2a615f190c048f97c290e36fb4890a3ef78991e
  languageName: node
  linkType: hard

"npm-run-path@npm:^4.0.0":
  version: 4.0.1
  resolution: "npm-run-path@npm:4.0.1"
  dependencies:
    path-key: ^3.0.0
  checksum: 058fd068804f8c34fcef9393fc895d45400834c9f90bbafc57259f9fd47e8796712e4ad54524f0971b806260a118bf61ac37b0bf9f74e9e58c84bae780ae09e6
  languageName: node
  linkType: hard

"once@npm:^1.3.1, once@npm:^1.4.0":
  version: 1.4.0
  resolution: "once@npm:1.4.0"
  dependencies:
    wrappy: 1
  checksum: 57afc246536cf6494437f982b26475f22bee860f8b77ce8eb1543f42a8bffe04b2c66ddfea9a16cb25ccb80943f8ee4fc639367ef97b7a6a4f2672eb573963f5
  languageName: node
  linkType: hard

"onetime@npm:^5.1.0":
  version: 5.1.0
  resolution: "onetime@npm:5.1.0"
  dependencies:
    mimic-fn: ^2.1.0
  checksum: 1781c3cf88afbdea849f00fc42dbb560fecf27169135326d615aa2781ae9bdd5a59af82b21d9c3ed348424ec097d2b764b15b43b807d099230d7b8803335a482
  languageName: node
  linkType: hard

"opencollective-postinstall@npm:^2.0.2":
  version: 2.0.2
  resolution: "opencollective-postinstall@npm:2.0.2"
  bin:
    opencollective-postinstall: index.js
  checksum: f71a908d0958a321c260050b5e9e78cbde59598e21df2dfb121b3721514db288ccdeb1d39b3ff0f9e81d85e661e5a2b3e3cd47fa1ab04feefca31facd58a5ca5
  languageName: node
  linkType: hard

"p-limit@npm:^2.2.0":
  version: 2.2.2
  resolution: "p-limit@npm:2.2.2"
  dependencies:
    p-try: ^2.0.0
  checksum: 10cd927c1e3b6c66a294dd803bc05acd721d003b7c8c16d6648f133b4f47853f37d6895096e56cbbc4d10009f8380b7679e4f0220ead74c82f5b036e45bbb520
  languageName: node
  linkType: hard

"p-locate@npm:^4.1.0":
  version: 4.1.0
  resolution: "p-locate@npm:4.1.0"
  dependencies:
    p-limit: ^2.2.0
  checksum: 57f9abef0b29f02ff88c0936a392c9a1fbdd08169e636e0d85b7407c108014d71578c0c6fe93fa49b5bf3857b20d6f16b96389e2b356f7f599d4d2150505844f
  languageName: node
  linkType: hard

"p-try@npm:^2.0.0":
  version: 2.2.0
  resolution: "p-try@npm:2.2.0"
  checksum: 20983f3765466c1ab617ed153cb53b70ac5df828d854a3334d185e20b37f436e9096f12bc1b7fc96d8908dc927a3685172d3d89e755774f57b7103460c54dcc5
  languageName: node
  linkType: hard

"parent-module@npm:^1.0.0":
  version: 1.0.1
  resolution: "parent-module@npm:1.0.1"
  dependencies:
    callsites: ^3.0.0
  checksum: 58714b9699f8e84340aaf0781b7cbd82f1c357f6ce9c035c151d0e8c1e9b869c51b95b680882f0d21b4751e817a6c936d4bb2952a1a1d9d9fb27e5a84baec2aa
  languageName: node
  linkType: hard

"parse-json@npm:^5.0.0":
  version: 5.0.0
  resolution: "parse-json@npm:5.0.0"
  dependencies:
    "@babel/code-frame": ^7.0.0
    error-ex: ^1.3.1
    json-parse-better-errors: ^1.0.1
    lines-and-columns: ^1.1.6
  checksum: 9c46eb0c388df4333eaa4feb996deae32f32ab447723abe48fdc6756bce863cf46009d56485fde0178bfe3ac9002ef0c3540ff4b278ad3ada2abc12186413eb8
  languageName: node
  linkType: hard

"path-exists@npm:^4.0.0":
  version: 4.0.0
  resolution: "path-exists@npm:4.0.0"
  checksum: 6ab15000c5bea4f3e6e6b651983276e27ee42907ea29f5bd68f0d5c425c22f1664ab53c355099723f59b0bfd31aa52d29ea499e1843bf62543e045698f4c77b2
  languageName: node
  linkType: hard

"path-key@npm:^3.0.0, path-key@npm:^3.1.0":
  version: 3.1.1
  resolution: "path-key@npm:3.1.1"
  checksum: e44aa3ca9faed0440994883050143b1214fffb907bf3a7bbdba15dc84f60821617c0d84e4cc74e1d84e9274003da50427f54d739b0b47636bcbaff4ec71b9b86
  languageName: node
  linkType: hard

"path-type@npm:^4.0.0":
  version: 4.0.0
  resolution: "path-type@npm:4.0.0"
  checksum: ef5835f2eb47e4d06004c7ec7bd51175c0455eaecd5ee99a9774bca5ef43242616e25b44ccc0ba86a0bf42b9f197550fcc0dfa7580e5ff9dca53c035e9bd86a9
  languageName: node
  linkType: hard

"pkg-dir@npm:^4.2.0":
  version: 4.2.0
  resolution: "pkg-dir@npm:4.2.0"
  dependencies:
    find-up: ^4.0.0
  checksum: 1956ebf3cf5cc36a5d20e93851fcadd5a786774eb08667078561e72e0ab8ace91fc36a028d5305f0bfe7c89f9bf51886e2a3c8cb2c2620accfa3feb8da3c256b
  languageName: node
  linkType: hard

"please-upgrade-node@npm:^3.2.0":
  version: 3.2.0
  resolution: "please-upgrade-node@npm:3.2.0"
  dependencies:
    semver-compare: ^1.0.0
  checksum: 34cf86f6d577877df5e9ced0bda57babd97bd2dc7e5965a67f990337f01ccd5203a98dc5aa7971e10088b2b1b29628d51d9770996151c7d306ed0069b4ecd745
  languageName: node
  linkType: hard

"prettier@npm:^2.1.2":
  version: 2.1.2
  resolution: "prettier@npm:2.1.2"
  bin:
    prettier: bin-prettier.js
  checksum: bedc24c568efbcfe45f255558900777e2fabb36bf28ed4c22d2456eb22dfb012d12e566a46472ea5b857a4e9f263e888f7e316527d00bb58188f1820b0b0031a
  languageName: node
  linkType: hard

"pretty-quick@npm:^3.0.2":
  version: 3.0.2
  resolution: "pretty-quick@npm:3.0.2"
  dependencies:
    chalk: ^3.0.0
    execa: ^4.0.0
    find-up: ^4.1.0
    ignore: ^5.1.4
    mri: ^1.1.5
    multimatch: ^4.0.0
  peerDependencies:
    prettier: ">=2.0.0"
  bin:
    pretty-quick: bin/pretty-quick.js
  checksum: 2f0a136cd278406af6498f2e1ca16fb1676947849d502387a8cf3d1c01f9e07bfe27200c41f391524b9efadacd06080975aad2dfa8889023a259cebd0467a6d8
  languageName: node
  linkType: hard

"pump@npm:^3.0.0":
  version: 3.0.0
  resolution: "pump@npm:3.0.0"
  dependencies:
    end-of-stream: ^1.1.0
    once: ^1.3.1
  checksum: 5464d5cf6c6f083cc60cb45b074fb9a4a92ba4d3e0d89e9b2fa1906d8151fd3766784a426725ccf1af50d1c29963ac20b13829933549830e08a6704e3f95e08c
  languageName: node
  linkType: hard

"resolve-from@npm:^4.0.0":
  version: 4.0.0
  resolution: "resolve-from@npm:4.0.0"
  checksum: 87a4357c0c1c2d165012ec04a3b2aa58931c0c0be257890806760b627bad36c9bceb6f9b2a3726f8570c67f2c9ff3ecc9507fe65cc3ad8d45cdab015245c649f
  languageName: node
  linkType: hard

"semver-compare@npm:^1.0.0":
  version: 1.0.0
  resolution: "semver-compare@npm:1.0.0"
  checksum: 9f3a74ca5f829c6b643668281228e2af310d9cb918a9d722e0c9426c4244c32346d29e955bbe796c46341f644fc741d888ca02e573f7aa230542809b03b0d8ec
  languageName: node
  linkType: hard

"semver-regex@npm:^2.0.0":
  version: 2.0.0
  resolution: "semver-regex@npm:2.0.0"
  checksum: 9b96cc8bd559c1d46968b334ccc88115a2d9d2f7a2125d6838471114ed0c52057e77aae760fbe4932aee06687584733b32aed6d2c9654b2db33e383bfb8f26ce
  languageName: node
  linkType: hard

"shebang-command@npm:^2.0.0":
  version: 2.0.0
  resolution: "shebang-command@npm:2.0.0"
  dependencies:
    shebang-regex: ^3.0.0
  checksum: 85aa394d8cedeedf2e03524d6defef67a2b07d3a17d7ee50d4281d62d3fca898f26ebe7aa7bf674d51b80f197aa1d346bc1a10e8efb04377b534f4322c621012
  languageName: node
  linkType: hard

"shebang-regex@npm:^3.0.0":
  version: 3.0.0
  resolution: "shebang-regex@npm:3.0.0"
  checksum: ea18044ffaf18129ced5a246660a9171a7dff98999aaa9de8abb237d8a7711d8a1f76e16881399994ee429156717ce1c6a50c665bb18a4d55a7f80b9125b1f7d
  languageName: node
  linkType: hard

"signal-exit@npm:^3.0.2":
  version: 3.0.2
  resolution: "signal-exit@npm:3.0.2"
  checksum: e4a13a074d8f32d804950dd21490295513c683a5692685b96087b29de3b74990e798c61c7bd4c6133c34c890f6133ad6361e26fd6a7b142b86aa4df13449444e
  languageName: node
  linkType: hard

"slash@npm:^3.0.0":
  version: 3.0.0
  resolution: "slash@npm:3.0.0"
  checksum: fc3e8597d822ee3ba6cd76e9b001cd5be315f9b81c3a03a29bb611c003d1484e3b29a9e7bc020298fa669b585ff7c9268f44513f60c186216eb6af3111a3e838
  languageName: node
  linkType: hard

"source-map-support@npm:^0.5.17":
  version: 0.5.19
  resolution: "source-map-support@npm:0.5.19"
  dependencies:
    buffer-from: ^1.0.0
    source-map: ^0.6.0
  checksum: 59d4efaae97755155b078413ecba63517e3ef054cc7ab767bbd30e6f3054be2ae8e8f5cce7eef53b7eb93e98fe27a58dd8f5e7abfb13144ba420ddaf5267bbb2
  languageName: node
  linkType: hard

"source-map@npm:^0.6.0":
  version: 0.6.1
  resolution: "source-map@npm:0.6.1"
  checksum: 8647829a0611724114022be455ca1c8a2c8ae61df81c5b3667d9b398207226a1e21174fb7bbf0b4dbeb27ac358222afb5a14f1c74a62a62b8883b012e5eb1270
  languageName: node
  linkType: hard

"strip-final-newline@npm:^2.0.0":
  version: 2.0.0
  resolution: "strip-final-newline@npm:2.0.0"
  checksum: 74dbd8a602409706748db730200efab53ba739ed7888310e74e45697efbd760981df6d6f0fa34b23e973135fb07d3b22adae6e6d58898f692a094e49692c6c33
  languageName: node
  linkType: hard

"supports-color@npm:^5.3.0":
  version: 5.5.0
  resolution: "supports-color@npm:5.5.0"
  dependencies:
    has-flag: ^3.0.0
  checksum: edacee6425498440744c418be94b0660181aad2a1828bcf2be85c42bd385da2fd8b2b358d9b62b0c5b03ff5cd3e992458d7b8f879d9fb42f2201fe05a4848a29
  languageName: node
  linkType: hard

"supports-color@npm:^7.1.0":
  version: 7.1.0
  resolution: "supports-color@npm:7.1.0"
  dependencies:
    has-flag: ^4.0.0
  checksum: 6130f36b2a71f73014a6ef306bbaa5415d8daa5c0294082762a0505e4fb6800b8a9d037b60ed54f0c69cdfc37860034047d6004481c21f22dd43151b5e9334f0
  languageName: node
  linkType: hard

"ts-node@npm:^9.0.0":
  version: 9.0.0
  resolution: "ts-node@npm:9.0.0"
  dependencies:
    arg: ^4.1.0
    diff: ^4.0.1
    make-error: ^1.1.1
    source-map-support: ^0.5.17
    yn: 3.1.1
  peerDependencies:
    typescript: ">=2.7"
  bin:
    ts-node: dist/bin.js
    ts-node-script: dist/bin-script.js
    ts-node-transpile-only: dist/bin-transpile.js
    ts-script: dist/bin-script-deprecated.js
  checksum: 49d2ab087fc4b93f0a292e426ea6d242a80d1a4809ac008758bb0170aea1a85cd4182792c1d70889285fe5328cd8bd1ffb1e5108d1c4f31c39dbe9151ea4cabe
  languageName: node
  linkType: hard

"tslib@npm:^2.0.1":
  version: 2.0.1
  resolution: "tslib@npm:2.0.1"
  checksum: 7b42337a07f536c9650c72471cdf51317f07eb981692e91b8979fee3f6e20136a8f047e6ecdc5f2f3201132a6cc4e0096fa3c58655eba3803bf7fe739ccd088e
  languageName: node
  linkType: hard

typescript@^4.0.3:
  version: 4.0.3
  resolution: "typescript@npm:4.0.3"
  bin:
    tsc: bin/tsc
    tsserver: bin/tsserver
  checksum: 5c892e132756a83d22030d7fb38be47cde27613f71d233dbe7faf79e4a92852c5146bfddcaf8c2da1a37d35ae8bf7b8c888fdcd763d5ad184cea6b21e7466838
  languageName: node
  linkType: hard

"typescript@patch:typescript@^4.0.3#builtin<compat/typescript>":
  version: 4.0.3
  resolution: "typescript@patch:typescript@npm%3A4.0.3#builtin<compat/typescript>::version=4.0.3&hash=5b02a2"
  bin:
    tsc: bin/tsc
    tsserver: bin/tsserver
  checksum: 72db87d09f728c83062d64b5e12ed52effb6278963b6bc5c006219b22c104e02b8ce80164261de554923d3c47d894a1ca937ed542328caccb83ebaedeae98a69
  languageName: node
  linkType: hard

"which-pm-runs@npm:^1.0.0":
  version: 1.0.0
  resolution: "which-pm-runs@npm:1.0.0"
  checksum: 0bb79a782e98955afec8f35a3ae95c4711fdd3d0743772ee98211da67c2421fdd4c92c95c93532cc0b4dcc085d8e27f3ad2f8a9173cb632692379bd3d2818821
  languageName: node
  linkType: hard

"which@npm:^2.0.1":
  version: 2.0.2
  resolution: "which@npm:2.0.2"
  dependencies:
    isexe: ^2.0.0
  bin:
    node-which: ./bin/node-which
  checksum: ea9b1db1266b08f7880717cf70dd9012dd523e5a317f10fbe4d5e8c1a761c5fd237f88642f2ba33b23f973ff4002c9b26648d63084ab208d8ecef36497315f6e
  languageName: node
  linkType: hard

"wrappy@npm:1":
  version: 1.0.2
  resolution: "wrappy@npm:1.0.2"
  checksum: 519fcda0fcdf0c16327be2de9d98646742307bc830277e8868529fcf7566f2b330a6453c233e0cdcb767d5838dd61a90984a02ecc983bcddebea5ad0833bbf98
  languageName: node
  linkType: hard

"yaml@npm:^1.10.0":
  version: 1.10.0
  resolution: "yaml@npm:1.10.0"
  checksum: d4cc9f9724f8d0aebc2cf52e4e6aa7059f12d50deb54b5225d103462fb2af36e5c0bb419101ca4b1f0cd3b4db9e4139cf2c690e863ac6227648d39d6f4e2522c
  languageName: node
  linkType: hard

"yn@npm:3.1.1":
  version: 3.1.1
  resolution: "yn@npm:3.1.1"
  checksum: bff63b80568d80c711670935427494dde47cdf97e8b04196b140ce0af519c81c5ee857eddad0caa8b422dd65aea0157bbfaacbb1546bebba623f0f383d5d9ae5
  languageName: node
  linkType: hard
